
Microsoft Visual Studio Solution File, Format Version 12.00
# Visual Studio Version 16
VisualStudioVersion = 25.0.1706.3
MinimumVisualStudioVersion = 10.0.40219.1
Project("{FAE04EC0-301F-11D3-BF4B-00C04F79EFBC}") = "FCS HSE", "FCS HSE\FCS HSE.csproj", "{700A1744-51A6-4543-B046-273EF4CF5325}"
EndProject
Global
	GlobalSection(SolutionConfigurationPlatforms) = preSolution
		Debug|Any CPU = Debug|Any CPU
		Release|Any CPU = Release|Any CPU
	EndGlobalSection
	GlobalSection(ProjectConfigurationPlatforms) = postSolution
		{700A1744-51A6-4543-B046-273EF4CF5325}.Debug|Any CPU.ActiveCfg = Debug|Any CPU
		{700A1744-51A6-4543-B046-273EF4CF5325}.Debug|Any CPU.Build.0 = Debug|Any CPU
		{700A1744-51A6-4543-B046-273EF4CF5325}.Release|Any CPU.ActiveCfg = Release|Any CPU
		{700A1744-51A6-4543-B046-273EF4CF5325}.Release|Any CPU.Build.0 = Release|Any CPU
	EndGlobalSection
	GlobalSection(SolutionProperties) = preSolution
		HideSolutionNode = FALSE
	EndGlobalSection
	GlobalSection(ExtensibilityGlobals) = postSolution
		SolutionGuid = {12314879-5973-4C2B-898E-AAD08AA230E4}
	EndGlobalSection
EndGlobal
